
Microsoft Visual Studio Solution File, Format Version 12.00
# Visual Studio Express 15 for Windows Desktop
VisualStudioVersion = 15.0.28307.852
MinimumVisualStudioVersion = 10.0.40219.1
Project("{FAE04EC0-301F-11D3-BF4B-00C04F79EFBC}") = "EntidadesAbstractas", "EntidadesAbstractas\EntidadesAbstractas.csproj", "{B4B7FF81-18B3-4D16-8E30-B99AFF3A9BD0}"
EndProject
Project("{FAE04EC0-301F-11D3-BF4B-00C04F79EFBC}") = "Test", "Test\Test.csproj", "{4C1212CB-7E55-453F-9CF2-218020EE9E2C}"
EndProject
Project("{FAE04EC0-301F-11D3-BF4B-00C04F79EFBC}") = "UnitTest", "UnitTest\UnitTest.csproj", "{F97EAA07-3729-4DFB-8804-A3D18478F587}"
EndProject
Global
	GlobalSection(SolutionConfigurationPlatforms) = preSolution
		Debug|Any CPU = Debug|Any CPU
		Release|Any CPU = Release|Any CPU
	EndGlobalSection
	GlobalSection(ProjectConfigurationPlatforms) = postSolution
		{B4B7FF81-18B3-4D16-8E30-B99AFF3A9BD0}.Debug|Any CPU.ActiveCfg = Debug|Any CPU
		{B4B7FF81-18B3-4D16-8E30-B99AFF3A9BD0}.Debug|Any CPU.Build.0 = Debug|Any CPU
		{B4B7FF81-18B3-4D16-8E30-B99AFF3A9BD0}.Release|Any CPU.ActiveCfg = Release|Any CPU
		{B4B7FF81-18B3-4D16-8E30-B99AFF3A9BD0}.Release|Any CPU.Build.0 = Release|Any CPU
		{4C1212CB-7E55-453F-9CF2-218020EE9E2C}.Debug|Any CPU.ActiveCfg = Debug|Any CPU
		{4C1212CB-7E55-453F-9CF2-218020EE9E2C}.Debug|Any CPU.Build.0 = Debug|Any CPU
		{4C1212CB-7E55-453F-9CF2-218020EE9E2C}.Release|Any CPU.ActiveCfg = Release|Any CPU
		{4C1212CB-7E55-453F-9CF2-218020EE9E2C}.Release|Any CPU.Build.0 = Release|Any CPU
		{F97EAA07-3729-4DFB-8804-A3D18478F587}.Debug|Any CPU.ActiveCfg = Debug|Any CPU
		{F97EAA07-3729-4DFB-8804-A3D18478F587}.Debug|Any CPU.Build.0 = Debug|Any CPU
		{F97EAA07-3729-4DFB-8804-A3D18478F587}.Release|Any CPU.ActiveCfg = Release|Any CPU
		{F97EAA07-3729-4DFB-8804-A3D18478F587}.Release|Any CPU.Build.0 = Release|Any CPU
	EndGlobalSection
	GlobalSection(SolutionProperties) = preSolution
		HideSolutionNode = FALSE
	EndGlobalSection
	GlobalSection(ExtensibilityGlobals) = postSolution
		SolutionGuid = {7842FF8A-0C8A-40E8-8C4C-C5BA5B14D95A}
	EndGlobalSection
EndGlobal
