
Microsoft Visual Studio Solution File, Format Version 12.00
# Visual Studio Express 15 for Windows Desktop
VisualStudioVersion = 15.0.28307.852
MinimumVisualStudioVersion = 10.0.40219.1
Project("{FAE04EC0-301F-11D3-BF4B-00C04F79EFBC}") = "Biblioteca.Entidades", "Biblioteca.Entidades\Biblioteca.Entidades.csproj", "{1C3F0CEF-B26D-4DAC-A65F-48B56FB3946E}"
EndProject
Project("{FAE04EC0-301F-11D3-BF4B-00C04F79EFBC}") = "Iglesias.Gonzalo.2C.TP3", "Iglesias.Gonzalo.2C.TP3\Iglesias.Gonzalo.2C.TP3.csproj", "{9D2F50D2-5F1D-4033-9D88-9549545B2EAD}"
EndProject
Global
	GlobalSection(SolutionConfigurationPlatforms) = preSolution
		Debug|Any CPU = Debug|Any CPU
		Release|Any CPU = Release|Any CPU
	EndGlobalSection
	GlobalSection(ProjectConfigurationPlatforms) = postSolution
		{1C3F0CEF-B26D-4DAC-A65F-48B56FB3946E}.Debug|Any CPU.ActiveCfg = Debug|Any CPU
		{1C3F0CEF-B26D-4DAC-A65F-48B56FB3946E}.Debug|Any CPU.Build.0 = Debug|Any CPU
		{1C3F0CEF-B26D-4DAC-A65F-48B56FB3946E}.Release|Any CPU.ActiveCfg = Release|Any CPU
		{1C3F0CEF-B26D-4DAC-A65F-48B56FB3946E}.Release|Any CPU.Build.0 = Release|Any CPU
		{9D2F50D2-5F1D-4033-9D88-9549545B2EAD}.Debug|Any CPU.ActiveCfg = Debug|Any CPU
		{9D2F50D2-5F1D-4033-9D88-9549545B2EAD}.Debug|Any CPU.Build.0 = Debug|Any CPU
		{9D2F50D2-5F1D-4033-9D88-9549545B2EAD}.Release|Any CPU.ActiveCfg = Release|Any CPU
		{9D2F50D2-5F1D-4033-9D88-9549545B2EAD}.Release|Any CPU.Build.0 = Release|Any CPU
	EndGlobalSection
	GlobalSection(SolutionProperties) = preSolution
		HideSolutionNode = FALSE
	EndGlobalSection
	GlobalSection(ExtensibilityGlobals) = postSolution
		SolutionGuid = {1448AB1F-98DC-4862-AFDB-75FC12662412}
	EndGlobalSection
EndGlobal
