
Microsoft Visual Studio Solution File, Format Version 12.00
# Visual Studio Version 16
VisualStudioVersion = 16.0.29215.179
MinimumVisualStudioVersion = 10.0.40219.1
Project("{FAE04EC0-301F-11D3-BF4B-00C04F79EFBC}") = "MiCalculadora", "MiCalculadora\MiCalculadora.csproj", "{7F85AA8F-0376-4FF0-A79D-A52A76D74133}"
EndProject
Project("{FAE04EC0-301F-11D3-BF4B-00C04F79EFBC}") = "Entidades", "Entidades\Entidades.csproj", "{B4B325EF-FF12-45C9-99DB-F1B7B70A961F}"
EndProject
Global
	GlobalSection(SolutionConfigurationPlatforms) = preSolution
		Debug|Any CPU = Debug|Any CPU
		Release|Any CPU = Release|Any CPU
	EndGlobalSection
	GlobalSection(ProjectConfigurationPlatforms) = postSolution
		{7F85AA8F-0376-4FF0-A79D-A52A76D74133}.Debug|Any CPU.ActiveCfg = Debug|Any CPU
		{7F85AA8F-0376-4FF0-A79D-A52A76D74133}.Debug|Any CPU.Build.0 = Debug|Any CPU
		{7F85AA8F-0376-4FF0-A79D-A52A76D74133}.Release|Any CPU.ActiveCfg = Release|Any CPU
		{7F85AA8F-0376-4FF0-A79D-A52A76D74133}.Release|Any CPU.Build.0 = Release|Any CPU
		{B4B325EF-FF12-45C9-99DB-F1B7B70A961F}.Debug|Any CPU.ActiveCfg = Debug|Any CPU
		{B4B325EF-FF12-45C9-99DB-F1B7B70A961F}.Debug|Any CPU.Build.0 = Debug|Any CPU
		{B4B325EF-FF12-45C9-99DB-F1B7B70A961F}.Release|Any CPU.ActiveCfg = Release|Any CPU
		{B4B325EF-FF12-45C9-99DB-F1B7B70A961F}.Release|Any CPU.Build.0 = Release|Any CPU
	EndGlobalSection
	GlobalSection(SolutionProperties) = preSolution
		HideSolutionNode = FALSE
	EndGlobalSection
	GlobalSection(ExtensibilityGlobals) = postSolution
		SolutionGuid = {455E0A85-B9AF-4D36-917F-93870C9FD1E2}
	EndGlobalSection
EndGlobal
